
Microsoft Visual Studio Solution File, Format Version 12.00
# Visual Studio 2012
Project("{FAE04EC0-301F-11D3-BF4B-00C04F79EFBC}") = "SessionViewer", "SessionViewer.csproj", "{36A5E024-ACA2-476A-8488-6DBE153449F1}"
EndProject
Project("{FAE04EC0-301F-11D3-BF4B-00C04F79EFBC}") = "IpLookup", "..\..\..\..\Libraries\IpLookup\Source\IpLookup.csproj", "{CE64F0F7-F3B7-421F-9B4F-C61672EC89FD}"
EndProject
Global
	GlobalSection(SolutionConfigurationPlatforms) = preSolution
		Debug|Any CPU = Debug|Any CPU
		Release|Any CPU = Release|Any CPU
	EndGlobalSection
	GlobalSection(ProjectConfigurationPlatforms) = postSolution
		{36A5E024-ACA2-476A-8488-6DBE153449F1}.Debug|Any CPU.ActiveCfg = Debug|Any CPU
		{36A5E024-ACA2-476A-8488-6DBE153449F1}.Debug|Any CPU.Build.0 = Debug|Any CPU
		{36A5E024-ACA2-476A-8488-6DBE153449F1}.Release|Any CPU.ActiveCfg = Release|Any CPU
		{36A5E024-ACA2-476A-8488-6DBE153449F1}.Release|Any CPU.Build.0 = Release|Any CPU
		{CE64F0F7-F3B7-421F-9B4F-C61672EC89FD}.Debug|Any CPU.ActiveCfg = Debug|Any CPU
		{CE64F0F7-F3B7-421F-9B4F-C61672EC89FD}.Debug|Any CPU.Build.0 = Debug|Any CPU
		{CE64F0F7-F3B7-421F-9B4F-C61672EC89FD}.Release|Any CPU.ActiveCfg = Release|Any CPU
		{CE64F0F7-F3B7-421F-9B4F-C61672EC89FD}.Release|Any CPU.Build.0 = Release|Any CPU
	EndGlobalSection
	GlobalSection(SolutionProperties) = preSolution
		HideSolutionNode = FALSE
	EndGlobalSection
EndGlobal
